
Microsoft Visual Studio Solution File, Format Version 12.00
# Visual Studio Version 16
VisualStudioVersion = 16.0.30621.155
MinimumVisualStudioVersion = 10.0.40219.1
Project("{8BC9CEB8-8B4A-11D0-8D11-00A0C91BC942}") = "020_关系运算符重载", "020_关系运算符重载\020_关系运算符重载.vcxproj", "{5DA4C1F1-A225-4A80-A998-D9E3BE8225F0}"
EndProject
Global
	GlobalSection(SolutionConfigurationPlatforms) = preSolution
		Debug|x64 = Debug|x64
		Debug|x86 = Debug|x86
		Release|x64 = Release|x64
		Release|x86 = Release|x86
	EndGlobalSection
	GlobalSection(ProjectConfigurationPlatforms) = postSolution
		{5DA4C1F1-A225-4A80-A998-D9E3BE8225F0}.Debug|x64.ActiveCfg = Debug|x64
		{5DA4C1F1-A225-4A80-A998-D9E3BE8225F0}.Debug|x64.Build.0 = Debug|x64
		{5DA4C1F1-A225-4A80-A998-D9E3BE8225F0}.Debug|x86.ActiveCfg = Debug|Win32
		{5DA4C1F1-A225-4A80-A998-D9E3BE8225F0}.Debug|x86.Build.0 = Debug|Win32
		{5DA4C1F1-A225-4A80-A998-D9E3BE8225F0}.Release|x64.ActiveCfg = Release|x64
		{5DA4C1F1-A225-4A80-A998-D9E3BE8225F0}.Release|x64.Build.0 = Release|x64
		{5DA4C1F1-A225-4A80-A998-D9E3BE8225F0}.Release|x86.ActiveCfg = Release|Win32
		{5DA4C1F1-A225-4A80-A998-D9E3BE8225F0}.Release|x86.Build.0 = Release|Win32
	EndGlobalSection
	GlobalSection(SolutionProperties) = preSolution
		HideSolutionNode = FALSE
	EndGlobalSection
	GlobalSection(ExtensibilityGlobals) = postSolution
		SolutionGuid = {84B0603C-57B0-4809-A0E2-6AEA2AA9F41B}
	EndGlobalSection
EndGlobal
