
Microsoft Visual Studio Solution File, Format Version 12.00
# Visual Studio Version 16
VisualStudioVersion = 16.0.30621.155
MinimumVisualStudioVersion = 10.0.40219.1
Project("{8BC9CEB8-8B4A-11D0-8D11-00A0C91BC942}") = "027_继承同名静态成员", "027_继承同名静态成员\027_继承同名静态成员.vcxproj", "{F54126F2-6B2B-400F-B8E3-58434FFFADEA}"
EndProject
Global
	GlobalSection(SolutionConfigurationPlatforms) = preSolution
		Debug|x64 = Debug|x64
		Debug|x86 = Debug|x86
		Release|x64 = Release|x64
		Release|x86 = Release|x86
	EndGlobalSection
	GlobalSection(ProjectConfigurationPlatforms) = postSolution
		{F54126F2-6B2B-400F-B8E3-58434FFFADEA}.Debug|x64.ActiveCfg = Debug|x64
		{F54126F2-6B2B-400F-B8E3-58434FFFADEA}.Debug|x64.Build.0 = Debug|x64
		{F54126F2-6B2B-400F-B8E3-58434FFFADEA}.Debug|x86.ActiveCfg = Debug|Win32
		{F54126F2-6B2B-400F-B8E3-58434FFFADEA}.Debug|x86.Build.0 = Debug|Win32
		{F54126F2-6B2B-400F-B8E3-58434FFFADEA}.Release|x64.ActiveCfg = Release|x64
		{F54126F2-6B2B-400F-B8E3-58434FFFADEA}.Release|x64.Build.0 = Release|x64
		{F54126F2-6B2B-400F-B8E3-58434FFFADEA}.Release|x86.ActiveCfg = Release|Win32
		{F54126F2-6B2B-400F-B8E3-58434FFFADEA}.Release|x86.Build.0 = Release|Win32
	EndGlobalSection
	GlobalSection(SolutionProperties) = preSolution
		HideSolutionNode = FALSE
	EndGlobalSection
	GlobalSection(ExtensibilityGlobals) = postSolution
		SolutionGuid = {BD521959-F206-408B-AD1E-FD797960DB0D}
	EndGlobalSection
EndGlobal
